
Microsoft Visual Studio Solution File, Format Version 12.00
# Visual Studio Version 16
VisualStudioVersion = 16.0.808.7
MinimumVisualStudioVersion = 10.0.40219.1
Project("{FAE04EC0-301F-11D3-BF4B-00C04F79EFBC}") = "csharp_console_app", "csharp_console_app.csproj", "{D357FF2C-00D1-47BE-9F15-D4EDE1E055BA}"
EndProject
Global
	GlobalSection(SolutionConfigurationPlatforms) = preSolution
		Debug|Any CPU = Debug|Any CPU
		Release|Any CPU = Release|Any CPU
	EndGlobalSection
	GlobalSection(ProjectConfigurationPlatforms) = postSolution
		{D357FF2C-00D1-47BE-9F15-D4EDE1E055BA}.Debug|Any CPU.ActiveCfg = Debug|Any CPU
		{D357FF2C-00D1-47BE-9F15-D4EDE1E055BA}.Debug|Any CPU.Build.0 = Debug|Any CPU
		{D357FF2C-00D1-47BE-9F15-D4EDE1E055BA}.Release|Any CPU.ActiveCfg = Release|Any CPU
		{D357FF2C-00D1-47BE-9F15-D4EDE1E055BA}.Release|Any CPU.Build.0 = Release|Any CPU
	EndGlobalSection
	GlobalSection(SolutionProperties) = preSolution
		HideSolutionNode = FALSE
	EndGlobalSection
	GlobalSection(ExtensibilityGlobals) = postSolution
		SolutionGuid = {DAD950C2-067E-4630-B12B-7CADC32028C0}
	EndGlobalSection
EndGlobal
